{
    "_readme": [
        "This file locks the dependencies of your project to a known state",
        "Read more about it at https://getcomposer.org/doc/01-basic-usage.md#composer-lock-the-lock-file",
        "This file is @generated automatically"
    ],
    "content-hash": "3ada269650dd2cd7bc03ea502b311e16",
    "packages": [
        {
            "name": "bitwasp/bitcoin",
            "version": "v0.0.33.3",
            "source": {
                "type": "git",
                "url": "https://github.com/Bit-Wasp/bitcoin-php.git",
                "reference": "472018c3548f2a4835f9c70de3dff58af90ef277"
            },
            "dist": {
                "type": "zip",
                "url": "https://api.github.com/repos/Bit-Wasp/bitcoin-php/zipball/472018c3548f2a4835f9c70de3dff58af90ef277",
                "reference": "472018c3548f2a4835f9c70de3dff58af90ef277",
                "shasum": ""
            },
            "require": {
                "bitwasp/buffertools": "^0.4.0",
                "bitwasp/secp256k1-php": "^0.1.2",
                "composer/semver": "^1.4.0",
                "ext-bcmath": "*",
                "ext-gmp": "*",
                "ext-openssl": "*",
                "lastguest/murmurhash": "v1.3.0",
                "mdanter/ecc": "^0.4.0",
                "paragonie/random_compat": "^1.4.0|^2.0.0",
                "php-64bit": ">=5.6",
                "pleonasm/merkle-tree": "1.0.0",
                "rgooding/protobuf-php": "v0.0.1",
                "symfony/http-foundation": "^2.7|^3.0"
            },
            "require-dev": {
                "ext-json": "*",
                "phpunit/phpunit": "^5.4.0",
                "squizlabs/php_codesniffer": "^2.0.0"
            },
            "type": "library",
            "autoload": {
                "psr-4": {
                    "BitWasp\\Bitcoin\\": "src/"
                },
                "files": [
                    "src/Script/functions.php"
                ]
            },
            "notification-url": "https://packagist.org/downloads/",
            "license": [
                "Unlicense"
            ],
            "authors": [
                {
                    "name": "Thomas Kerin",
                    "homepage": "https://thomaskerin.io",
                    "role": "Author"
                }
            ],
            "description": "PHP Bitcoin library with functions for transactions, signatures, serialization, Random/Deterministic ECDSA keys, blocks, RPC bindings",
            "homepage": "https://github.com/bit-wasp/bitcoin-php",
            "time": "2017-08-10T21:17:10+00:00"
        },
        {
            "name": "bitwasp/bitcoin-p2p",
            "version": "v0.0.17",
            "source": {
                "type": "git",
                "url": "https://github.com/Bit-Wasp/bitcoin-p2p-php.git",
                "reference": "e4a998dd9f9726f2e9c80d9e95a95b6d6745d0ed"
            },
            "dist": {
                "type": "zip",
                "url": "https://api.github.com/repos/Bit-Wasp/bitcoin-p2p-php/zipball/e4a998dd9f9726f2e9c80d9e95a95b6d6745d0ed",
                "reference": "e4a998dd9f9726f2e9c80d9e95a95b6d6745d0ed",
                "shasum": ""
            },
            "require": {
                "bitwasp/bitcoin": "~0.0.33.1",
                "christian-riesen/base32": "~1.2",
                "clue/socks-react": "~0.4",
                "react/dns": "~0.4.0",
                "react/socket": "v0.8.0"
            },
            "require-dev": {
                "phpunit/phpunit": "^5.4.0",
                "squizlabs/php_codesniffer": "^2.0.0",
                "symfony/yaml": "~2.6"
            },
            "type": "library",
            "autoload": {
                "psr-4": {
                    "BitWasp\\Bitcoin\\Networking\\": "src/"
                }
            },
            "notification-url": "https://packagist.org/downloads/",
            "license": [
                "Unlicence"
            ],
            "authors": [
                {
                    "name": "Thomas Kerin",
                    "homepage": "https://thomaskerin.io",
                    "role": "Author"
                }
            ],
            "description": "Implementation of the bitcoin protocol using ReactPHP",
            "homepage": "https://github.com/bit-wasp/node-php",
            "time": "2017-07-15T20:30:55+00:00"
        },
        {
            "name": "bitwasp/buffertools",
            "version": "v0.4.1",
            "source": {
                "type": "git",
                "url": "https://github.com/Bit-Wasp/buffertools-php.git",
                "reference": "5ac7578fc00d093075a493320bd0a01d1ae0128c"
            },
            "dist": {
                "type": "zip",
                "url": "https://api.github.com/repos/Bit-Wasp/buffertools-php/zipball/5ac7578fc00d093075a493320bd0a01d1ae0128c",
                "reference": "5ac7578fc00d093075a493320bd0a01d1ae0128c",
                "shasum": ""
            },
            "require": {
                "mdanter/ecc": "~0.4"
            },
            "require-dev": {
                "phpunit/phpunit": "~5.0",
                "satooshi/php-coveralls": "~0.6.1",
                "squizlabs/php_codesniffer": "~2.0"
            },
            "type": "library",
            "autoload": {
                "psr-4": {
                    "BitWasp\\Buffertools\\": "src/Buffertools/"
                }
            },
            "notification-url": "https://packagist.org/downloads/",
            "license": [
                "MIT"
            ],
            "authors": [
                {
                    "name": "Thomas Kerin",
                    "homepage": "https://thomaskerin.io"
                },
                {
                    "name": "Ruben de Vries",
                    "email": "ruben@rubensayshi.com"
                }
            ],
            "description": "Toolbox for working with binary and hex data. Similar to NodeJS Buffer.",
            "time": "2017-06-21T18:23:36+00:00"
        },
        {
            "name": "bitwasp/secp256k1-php",
            "version": "v0.1.3",
            "source": {
                "type": "git",
                "url": "https://github.com/Bit-Wasp/secp256k1-php.git",
                "reference": "0ad10c06f36fa5caea6f7276315c2fae6262708e"
            },
            "dist": {
                "type": "zip",
                "url": "https://api.github.com/repos/Bit-Wasp/secp256k1-php/zipball/0ad10c06f36fa5caea6f7276315c2fae6262708e",
                "reference": "0ad10c06f36fa5caea6f7276315c2fae6262708e",
                "shasum": ""
            },
            "require-dev": {
                "phpunit/phpunit": "^6.5",
                "squizlabs/php_codesniffer": "2.*",
                "symfony/yaml": "^3.4"
            },
            "type": "library",
            "notification-url": "https://packagist.org/downloads/",
            "license": [
                "Unlicense"
            ],
            "authors": [
                {
                    "name": "Ruben de Vries",
                    "email": "ruben@rubensayshi.com"
                },
                {
                    "name": "Thomas Kerin",
                    "email": "afk11@users.noreply.github.com"
                }
            ],
            "description": "PHP Extension with bindings for bitcoin/secp256k1.",
            "keywords": [
                "ECDSA",
                "bitcoin",
                "bitwasp",
                "cryptocurrency",
                "ecc",
                "extension",
                "php",
                "secp256k1"
            ],
            "time": "2018-02-17T14:24:05+00:00"
        },
        {
            "name": "christian-riesen/base32",
            "version": "1.3.1",
            "source": {
                "type": "git",
                "url": "https://github.com/ChristianRiesen/base32.git",
                "reference": "0a31e50c0fa9b1692d077c86ac188eecdcbaf7fa"
            },
            "dist": {
                "type": "zip",
                "url": "https://api.github.com/repos/ChristianRiesen/base32/zipball/0a31e50c0fa9b1692d077c86ac188eecdcbaf7fa",
                "reference": "0a31e50c0fa9b1692d077c86ac188eecdcbaf7fa",
                "shasum": ""
            },
            "require": {
                "php": ">=5.3.0"
            },
            "require-dev": {
                "phpunit/phpunit": "4.*",
                "satooshi/php-coveralls": "0.*"
            },
            "type": "library",
            "extra": {
                "branch-alias": {
                    "dev-master": "1.1.x-dev"
                }
            },
            "autoload": {
                "psr-4": {
                    "Base32\\": "src/"
                }
            },
            "notification-url": "https://packagist.org/downloads/",
            "license": [
                "MIT"
            ],
            "authors": [
                {
                    "name": "Christian Riesen",
                    "email": "chris.riesen@gmail.com",
                    "homepage": "http://christianriesen.com",
                    "role": "Developer"
                }
            ],
            "description": "Base32 encoder/decoder according to RFC 4648",
            "homepage": "https://github.com/ChristianRiesen/base32",
            "keywords": [
                "base32",
                "decode",
                "encode",
                "rfc4648"
            ],
            "time": "2016-05-05T11:49:03+00:00"
        },
        {
            "name": "clue/socks-react",
            "version": "v0.8.6",
            "source": {
                "type": "git",
                "url": "https://github.com/clue/php-socks-react.git",
                "reference": "4ebbec53c44fdfcdac98ce195d9219593ec5feb5"
            },
            "dist": {
                "type": "zip",
                "url": "https://api.github.com/repos/clue/php-socks-react/zipball/4ebbec53c44fdfcdac98ce195d9219593ec5feb5",
                "reference": "4ebbec53c44fdfcdac98ce195d9219593ec5feb5",
                "shasum": ""
            },
            "require": {
                "evenement/evenement": "~3.0|~1.0|~2.0",
                "php": ">=5.3",
                "react/promise": "^2.1 || ^1.2",
                "react/socket": "^1.0 || ^0.8 || ^0.7"
            },
            "require-dev": {
                "clue/block-react": "^1.1",
                "clue/connection-manager-extra": "^1.0 || ^0.7",
                "phpunit/phpunit": "^5.0 || ^4.8",
                "react/event-loop": "^1.0 || ^0.5 || ^0.4 || ^0.3"
            },
            "type": "library",
            "autoload": {
                "psr-4": {
                    "Clue\\React\\Socks\\": "src/"
                }
            },
            "notification-url": "https://packagist.org/downloads/",
            "license": [
                "MIT"
            ],
            "authors": [
                {
                    "name": "Christian Lück",
                    "email": "christian@lueck.tv"
                }
            ],
            "description": "Async SOCKS4, SOCKS4a and SOCKS5 proxy client and server implementation, built on top of ReactPHP",
            "homepage": "https://github.com/clue/php-socks-react",
            "keywords": [
                "async",
                "proxy",
                "reactphp",
                "socks client",
                "socks protocol",
                "socks server",
                "tcp tunnel"
            ],
            "time": "2017-09-17T15:09:14+00:00"
        },
        {
            "name": "composer/semver",
            "version": "1.4.2",
            "source": {
                "type": "git",
                "url": "https://github.com/composer/semver.git",
                "reference": "c7cb9a2095a074d131b65a8a0cd294479d785573"
            },
            "dist": {
                "type": "zip",
                "url": "https://api.github.com/repos/composer/semver/zipball/c7cb9a2095a074d131b65a8a0cd294479d785573",
                "reference": "c7cb9a2095a074d131b65a8a0cd294479d785573",
                "shasum": ""
            },
            "require": {
                "php": "^5.3.2 || ^7.0"
            },
            "require-dev": {
                "phpunit/phpunit": "^4.5 || ^5.0.5",
                "phpunit/phpunit-mock-objects": "2.3.0 || ^3.0"
            },
            "type": "library",
            "extra": {
                "branch-alias": {
                    "dev-master": "1.x-dev"
                }
            },
            "autoload": {
                "psr-4": {
                    "Composer\\Semver\\": "src"
                }
            },
            "notification-url": "https://packagist.org/downloads/",
            "license": [
                "MIT"
            ],
            "authors": [
                {
                    "name": "Nils Adermann",
                    "email": "naderman@naderman.de",
                    "homepage": "http://www.naderman.de"
                },
                {
                    "name": "Jordi Boggiano",
                    "email": "j.boggiano@seld.be",
                    "homepage": "http://seld.be"
                },
                {
                    "name": "Rob Bast",
                    "email": "rob.bast@gmail.com",
                    "homepage": "http://robbast.nl"
                }
            ],
            "description": "Semver library that offers utilities, version constraint parsing and validation.",
            "keywords": [
                "semantic",
                "semver",
                "validation",
                "versioning"
            ],
            "time": "2016-08-30T16:08:34+00:00"
        },
        {
            "name": "evenement/evenement",
            "version": "v2.1.0",
            "source": {
                "type": "git",
                "url": "https://github.com/igorw/evenement.git",
                "reference": "6ba9a777870ab49f417e703229d53931ed40fd7a"
            },
            "dist": {
                "type": "zip",
                "url": "https://api.github.com/repos/igorw/evenement/zipball/6ba9a777870ab49f417e703229d53931ed40fd7a",
                "reference": "6ba9a777870ab49f417e703229d53931ed40fd7a",
                "shasum": ""
            },
            "require": {
                "php": ">=5.4.0"
            },
            "require-dev": {
                "phpunit/phpunit": "^6.0||^5.7||^4.8.35"
            },
            "type": "library",
            "extra": {
                "branch-alias": {
                    "dev-master": "2.0-dev"
                }
            },
            "autoload": {
                "psr-0": {
                    "Evenement": "src"
                }
            },
            "notification-url": "https://packagist.org/downloads/",
            "license": [
                "MIT"
            ],
            "authors": [
                {
                    "name": "Igor Wiedler",
                    "email": "igor@wiedler.ch"
                }
            ],
            "description": "Événement is a very simple event dispatching library for PHP",
            "keywords": [
                "event-dispatcher",
                "event-emitter"
            ],
            "time": "2017-07-17T17:39:19+00:00"
        },
        {
            "name": "fgrosse/phpasn1",
            "version": "1.5.3",
            "source": {
                "type": "git",
                "url": "https://github.com/fgrosse/PHPASN1.git",
                "reference": "40244500384f8b96f5952076f3e05fb56a815c55"
            },
            "dist": {
                "type": "zip",
                "url": "https://api.github.com/repos/fgrosse/PHPASN1/zipball/40244500384f8b96f5952076f3e05fb56a815c55",
                "reference": "40244500384f8b96f5952076f3e05fb56a815c55",
                "shasum": ""
            },
            "require": {
                "ext-gmp": "*",
                "php": ">=5.6.0"
            },
            "require-dev": {
                "phpunit/phpunit": "~4.5",
                "satooshi/php-coveralls": "dev-master"
            },
            "suggest": {
                "php-curl": "For loading OID information from the web if they have not bee defined statically"
            },
            "type": "library",
            "extra": {
                "branch-alias": {
                    "dev-master": "1.5.x-dev"
                }
            },
            "autoload": {
                "psr-4": {
                    "FG\\": "lib/"
                }
            },
            "notification-url": "https://packagist.org/downloads/",
            "license": [
                "MIT"
            ],
            "authors": [
                {
                    "name": "Friedrich Große",
                    "email": "friedrich.grosse@gmail.com",
                    "homepage": "https://github.com/FGrosse",
                    "role": "Author"
                },
                {
                    "name": "All contributors",
                    "homepage": "https://github.com/FGrosse/PHPASN1/contributors"
                }
            ],
            "description": "A PHP Framework that allows you to encode and decode arbitrary ASN.1 structures using the ITU-T X.690 Encoding Rules.",
            "homepage": "https://github.com/FGrosse/PHPASN1",
            "keywords": [
                "DER",
                "asn.1",
                "asn1",
                "ber",
                "binary",
                "decoding",
                "encoding",
                "x.509",
                "x.690",
                "x509",
                "x690"
            ],
            "time": "2017-12-17T10:18:20+00:00"
        },
        {
            "name": "lastguest/murmurhash",
            "version": "1.3.0",
            "source": {
                "type": "git",
                "url": "https://github.com/lastguest/murmurhash-php.git",
                "reference": "8eb06483456bc98f5adb7707d981a8ef6a065fa2"
            },
            "dist": {
                "type": "zip",
                "url": "https://api.github.com/repos/lastguest/murmurhash-php/zipball/8eb06483456bc98f5adb7707d981a8ef6a065fa2",
                "reference": "8eb06483456bc98f5adb7707d981a8ef6a065fa2",
                "shasum": ""
            },
            "require": {
                "php": ">=4.3"
            },
            "type": "library",
            "autoload": {
                "files": [
                    "murmurhash3.php"
                ]
            },
            "notification-url": "https://packagist.org/downloads/",
            "license": [
                "MIT"
            ],
            "authors": [
                {
                    "name": "Stefano Azzolini",
                    "email": "lastguest@gmail.com",
                    "homepage": "https://github.com/lastguest/murmurhash-php"
                }
            ],
            "description": "MurmurHash3 Hash",
            "homepage": "https://github.com/lastguest/murmurhash-php",
            "keywords": [
                "hash",
                "hashing",
                "murmur"
            ],
            "time": "2016-05-16T23:22:58+00:00"
        },
        {
            "name": "mdanter/ecc",
            "version": "v0.4.3",
            "source": {
                "type": "git",
                "url": "https://github.com/phpecc/phpecc.git",
                "reference": "fa3405da1b2bb4772a0c908c65b0c3e9dde4ccfd"
            },
            "dist": {
                "type": "zip",
                "url": "https://api.github.com/repos/phpecc/phpecc/zipball/fa3405da1b2bb4772a0c908c65b0c3e9dde4ccfd",
                "reference": "fa3405da1b2bb4772a0c908c65b0c3e9dde4ccfd",
                "shasum": ""
            },
            "require": {
                "ext-gmp": "*",
                "fgrosse/phpasn1": "~1.5",
                "paragonie/random_compat": "^1|^2",
                "php": ">=5.6.0"
            },
            "require-dev": {
                "phpunit/phpunit": "~4.1|~5.0",
                "squizlabs/php_codesniffer": "~2",
                "symfony/yaml": "~2.6|~3.0"
            },
            "type": "library",
            "autoload": {
                "psr-4": {
                    "Mdanter\\Ecc\\": "src/"
                }
            },
            "notification-url": "https://packagist.org/downloads/",
            "license": [
                "MIT"
            ],
            "authors": [
                {
                    "name": "Matyas Danter",
                    "homepage": "http://matejdanter.com/",
                    "role": "Author"
                },
                {
                    "name": "Thibaud Fabre",
                    "email": "thibaud@aztech.io",
                    "homepage": "http://aztech.io",
                    "role": "Maintainer"
                }
            ],
            "description": "PHP Elliptic Curve Cryptography library",
            "homepage": "https://github.com/phpecc/phpecc",
            "keywords": [
                "Diffie",
                "ECDSA",
                "Hellman",
                "curve",
                "ecdh",
                "elliptic",
                "nistp192",
                "nistp224",
                "nistp256",
                "nistp521",
                "phpecc",
                "secp256k1"
            ],
            "time": "2017-09-22T15:12:06+00:00"
        },
        {
            "name": "paragonie/random_compat",
            "version": "v2.0.17",
            "source": {
                "type": "git",
                "url": "https://github.com/paragonie/random_compat.git",
                "reference": "29af24f25bab834fcbb38ad2a69fa93b867e070d"
            },
            "dist": {
                "type": "zip",
                "url": "https://api.github.com/repos/paragonie/random_compat/zipball/29af24f25bab834fcbb38ad2a69fa93b867e070d",
                "reference": "29af24f25bab834fcbb38ad2a69fa93b867e070d",
                "shasum": ""
            },
            "require": {
                "php": ">=5.2.0"
            },
            "require-dev": {
                "phpunit/phpunit": "4.*|5.*"
            },
            "suggest": {
                "ext-libsodium": "Provides a modern crypto API that can be used to generate random bytes."
            },
            "type": "library",
            "autoload": {
                "files": [
                    "lib/random.php"
                ]
            },
            "notification-url": "https://packagist.org/downloads/",
            "license": [
                "MIT"
            ],
            "authors": [
                {
                    "name": "Paragon Initiative Enterprises",
                    "email": "security@paragonie.com",
                    "homepage": "https://paragonie.com"
                }
            ],
            "description": "PHP 5.x polyfill for random_bytes() and random_int() from PHP 7",
            "keywords": [
                "csprng",
                "polyfill",
                "pseudorandom",
                "random"
            ],
            "time": "2018-07-04T16:31:37+00:00"
        },
        {
            "name": "pleonasm/merkle-tree",
            "version": "1.0.0",
            "source": {
                "type": "git",
                "url": "https://github.com/pleonasm/merkle-tree.git",
                "reference": "9ddc9d0a0e396750fada378f3aa90f6c02dd56a1"
            },
            "dist": {
                "type": "zip",
                "url": "https://api.github.com/repos/pleonasm/merkle-tree/zipball/9ddc9d0a0e396750fada378f3aa90f6c02dd56a1",
                "reference": "9ddc9d0a0e396750fada378f3aa90f6c02dd56a1",
                "shasum": ""
            },
            "require": {
                "php": ">=5.4.0"
            },
            "require-dev": {
                "ext-xdebug": ">=2.2.0",
                "phpunit/php-invoker": ">=1.0.0,<1.2.0",
                "phpunit/phpunit": "3.7.19",
                "satooshi/php-coveralls": "*@dev",
                "squizlabs/php_codesniffer": "*"
            },
            "type": "library",
            "autoload": {
                "psr-0": {
                    "Pleo": "src/"
                }
            },
            "notification-url": "https://packagist.org/downloads/",
            "license": [
                "BSD-2-Clause"
            ],
            "authors": [
                {
                    "name": "Matthew Nagi",
                    "email": "matthew.nagi@base-2.net"
                }
            ],
            "description": "An implementation of a Merkle Tree in PHP",
            "time": "2013-05-22T20:46:20+00:00"
        },
        {
            "name": "react/cache",
            "version": "v0.5.0",
            "source": {
                "type": "git",
                "url": "https://github.com/reactphp/cache.git",
                "reference": "7d7da7fb7574d471904ba357b39bbf110ccdbf66"
            },
            "dist": {
                "type": "zip",
                "url": "https://api.github.com/repos/reactphp/cache/zipball/7d7da7fb7574d471904ba357b39bbf110ccdbf66",
                "reference": "7d7da7fb7574d471904ba357b39bbf110ccdbf66",
                "shasum": ""
            },
            "require": {
                "php": ">=5.3.0",
                "react/promise": "~2.0|~1.1"
            },
            "require-dev": {
                "phpunit/phpunit": "^6.4 || ^5.7 || ^4.8.35"
            },
            "type": "library",
            "autoload": {
                "psr-4": {
                    "React\\Cache\\": "src/"
                }
            },
            "notification-url": "https://packagist.org/downloads/",
            "license": [
                "MIT"
            ],
            "description": "Async, Promise-based cache interface for ReactPHP",
            "keywords": [
                "cache",
                "caching",
                "promise",
                "reactphp"
            ],
            "time": "2018-06-25T12:52:40+00:00"
        },
        {
            "name": "react/dns",
            "version": "v0.4.15",
            "source": {
                "type": "git",
                "url": "https://github.com/reactphp/dns.git",
                "reference": "319e110a436d26a2fa137cfa3ef2063951715794"
            },
            "dist": {
                "type": "zip",
                "url": "https://api.github.com/repos/reactphp/dns/zipball/319e110a436d26a2fa137cfa3ef2063951715794",
                "reference": "319e110a436d26a2fa137cfa3ef2063951715794",
                "shasum": ""
            },
            "require": {
                "php": ">=5.3.0",
                "react/cache": "^0.5 || ^0.4 || ^0.3",
                "react/event-loop": "^1.0 || ^0.5 || ^0.4 || ^0.3.5",
                "react/promise": "^2.1 || ^1.2.1",
                "react/promise-timer": "^1.2",
                "react/stream": "^1.0 || ^0.7 || ^0.6 || ^0.5 || ^0.4.5"
            },
            "require-dev": {
                "clue/block-react": "^1.2",
                "phpunit/phpunit": "^6.4 || ^5.7 || ^4.8.35"
            },
            "type": "library",
            "autoload": {
                "psr-4": {
                    "React\\Dns\\": "src"
                }
            },
            "notification-url": "https://packagist.org/downloads/",
            "license": [
                "MIT"
            ],
            "description": "Async DNS resolver for ReactPHP",
            "keywords": [
                "async",
                "dns",
                "dns-resolver",
                "reactphp"
            ],
            "time": "2018-07-02T12:17:56+00:00"
        },
        {
            "name": "react/event-loop",
            "version": "v0.4.3",
            "source": {
                "type": "git",
                "url": "https://github.com/reactphp/event-loop.git",
                "reference": "8bde03488ee897dc6bb3d91e4e17c353f9c5252f"
            },
            "dist": {
                "type": "zip",
                "url": "https://api.github.com/repos/reactphp/event-loop/zipball/8bde03488ee897dc6bb3d91e4e17c353f9c5252f",
                "reference": "8bde03488ee897dc6bb3d91e4e17c353f9c5252f",
                "shasum": ""
            },
            "require": {
                "php": ">=5.4.0"
            },
            "require-dev": {
                "phpunit/phpunit": "~4.8"
            },
            "suggest": {
                "ext-event": "~1.0",
                "ext-libev": "*",
                "ext-libevent": ">=0.1.0"
            },
            "type": "library",
            "autoload": {
                "psr-4": {
                    "React\\EventLoop\\": "src"
                }
            },
            "notification-url": "https://packagist.org/downloads/",
            "license": [
                "MIT"
            ],
            "description": "Event loop abstraction layer that libraries can use for evented I/O.",
            "keywords": [
                "asynchronous",
                "event-loop"
            ],
            "time": "2017-04-27T10:56:23+00:00"
        },
        {
            "name": "react/promise",
            "version": "v2.7.0",
            "source": {
                "type": "git",
                "url": "https://github.com/reactphp/promise.git",
                "reference": "f4edc2581617431aea50430749db55cc3fc031b3"
            },
            "dist": {
                "type": "zip",
                "url": "https://api.github.com/repos/reactphp/promise/zipball/f4edc2581617431aea50430749db55cc3fc031b3",
                "reference": "f4edc2581617431aea50430749db55cc3fc031b3",
                "shasum": ""
            },
            "require": {
                "php": ">=5.4.0"
            },
            "require-dev": {
                "phpunit/phpunit": "~4.8"
            },
            "type": "library",
            "autoload": {
                "psr-4": {
                    "React\\Promise\\": "src/"
                },
                "files": [
                    "src/functions_include.php"
                ]
            },
            "notification-url": "https://packagist.org/downloads/",
            "license": [
                "MIT"
            ],
            "authors": [
                {
                    "name": "Jan Sorgalla",
                    "email": "jsorgalla@gmail.com"
                }
            ],
            "description": "A lightweight implementation of CommonJS Promises/A for PHP",
            "keywords": [
                "promise",
                "promises"
            ],
            "time": "2018-06-13T15:59:06+00:00"
        },
        {
            "name": "react/promise-timer",
            "version": "v1.5.0",
            "source": {
                "type": "git",
                "url": "https://github.com/reactphp/promise-timer.git",
                "reference": "a11206938ca2394dc7bb368f5da25cd4533fa603"
            },
            "dist": {
                "type": "zip",
                "url": "https://api.github.com/repos/reactphp/promise-timer/zipball/a11206938ca2394dc7bb368f5da25cd4533fa603",
                "reference": "a11206938ca2394dc7bb368f5da25cd4533fa603",
                "shasum": ""
            },
            "require": {
                "php": ">=5.3",
                "react/event-loop": "^1.0 || ^0.5 || ^0.4 || ^0.3.5",
                "react/promise": "^2.7.0 || ^1.2.1"
            },
            "require-dev": {
                "phpunit/phpunit": "^6.4 || ^5.7 || ^4.8.35"
            },
            "type": "library",
            "autoload": {
                "psr-4": {
                    "React\\Promise\\Timer\\": "src/"
                },
                "files": [
                    "src/functions.php"
                ]
            },
            "notification-url": "https://packagist.org/downloads/",
            "license": [
                "MIT"
            ],
            "authors": [
                {
                    "name": "Christian Lück",
                    "email": "christian@lueck.tv"
                }
            ],
            "description": "A trivial implementation of timeouts for Promises, built on top of ReactPHP.",
            "homepage": "https://github.com/reactphp/promise-timer",
            "keywords": [
                "async",
                "event-loop",
                "promise",
                "reactphp",
                "timeout",
                "timer"
            ],
            "time": "2018-06-13T16:45:37+00:00"
        },
        {
            "name": "react/socket",
            "version": "v0.8.0",
            "source": {
                "type": "git",
                "url": "https://github.com/reactphp/socket.git",
                "reference": "8f880ab1a9e1b2eb236a836aa5e1326da3647bcd"
            },
            "dist": {
                "type": "zip",
                "url": "https://api.github.com/repos/reactphp/socket/zipball/8f880ab1a9e1b2eb236a836aa5e1326da3647bcd",
                "reference": "8f880ab1a9e1b2eb236a836aa5e1326da3647bcd",
                "shasum": ""
            },
            "require": {
                "evenement/evenement": "~2.0|~1.0",
                "php": ">=5.3.0",
                "react/dns": "0.4.*|0.3.*",
                "react/event-loop": "0.4.*|0.3.*",
                "react/promise": "^2.1 || ^1.2",
                "react/promise-timer": "~1.0",
                "react/stream": "^1.0 || ^0.7 || ^0.6 || ^0.5 || ^0.4.5"
            },
            "require-dev": {
                "clue/block-react": "^1.1",
                "phpunit/phpunit": "~4.8",
                "react/stream": "^1.0 || ^0.7 || ^0.6"
            },
            "type": "library",
            "autoload": {
                "psr-4": {
                    "React\\Socket\\": "src"
                }
            },
            "notification-url": "https://packagist.org/downloads/",
            "license": [
                "MIT"
            ],
            "description": "Async, streaming plaintext TCP/IP and secure TLS socket server and client connections for ReactPHP",
            "keywords": [
                "Connection",
                "Socket",
                "async",
                "reactphp",
                "stream"
            ],
            "time": "2017-05-09T11:27:38+00:00"
        },
        {
            "name": "react/stream",
            "version": "v1.0.0",
            "source": {
                "type": "git",
                "url": "https://github.com/reactphp/stream.git",
                "reference": "fdd0140f42805d65bf9687636503db0b326d2244"
            },
            "dist": {
                "type": "zip",
                "url": "https://api.github.com/repos/reactphp/stream/zipball/fdd0140f42805d65bf9687636503db0b326d2244",
                "reference": "fdd0140f42805d65bf9687636503db0b326d2244",
                "shasum": ""
            },
            "require": {
                "evenement/evenement": "^3.0 || ^2.0 || ^1.0",
                "php": ">=5.3.8",
                "react/event-loop": "^1.0 || ^0.5 || ^0.4 || ^0.3.5"
            },
            "require-dev": {
                "clue/stream-filter": "~1.2",
                "phpunit/phpunit": "^6.4 || ^5.7 || ^4.8.35"
            },
            "type": "library",
            "autoload": {
                "psr-4": {
                    "React\\Stream\\": "src"
                }
            },
            "notification-url": "https://packagist.org/downloads/",
            "license": [
                "MIT"
            ],
            "description": "Event-driven readable and writable streams for non-blocking I/O in ReactPHP",
            "keywords": [
                "event-driven",
                "io",
                "non-blocking",
                "pipe",
                "reactphp",
                "readable",
                "stream",
                "writable"
            ],
            "time": "2018-07-11T14:38:16+00:00"
        },
        {
            "name": "rgooding/protobuf-php",
            "version": "0.0.1",
            "source": {
                "type": "git",
                "url": "https://github.com/rgooding/Protobuf-PHP.git",
                "reference": "d688d7894d65d80a38846e0b622b9a2cd7fd4d68"
            },
            "dist": {
                "type": "zip",
                "url": "https://api.github.com/repos/rgooding/Protobuf-PHP/zipball/d688d7894d65d80a38846e0b622b9a2cd7fd4d68",
                "reference": "d688d7894d65d80a38846e0b622b9a2cd7fd4d68",
                "shasum": ""
            },
            "require": {
                "php": ">=5.3.0"
            },
            "bin": [
                "protoc-gen-php.bat",
                "protoc-gen-php.php"
            ],
            "type": "library",
            "autoload": {
                "psr-0": {
                    "DrSlump": "library/"
                }
            },
            "notification-url": "https://packagist.org/downloads/",
            "license": [
                "MIT"
            ],
            "authors": [
                {
                    "name": "Iván -DrSlump- Montes",
                    "email": "drslump@pollinimini.net",
                    "homepage": "https://github.com/drslump/Protobuf-PHP"
                },
                {
                    "name": "Richard Gooding",
                    "email": "richard.gooding@justdevelop.it"
                }
            ],
            "description": "PHP implementation of Google's Protocol Buffers",
            "homepage": "https://github.com/rgooding/Protobuf-PHP",
            "keywords": [
                "protobuf",
                "protocol buffer",
                "serializing"
            ],
            "time": "2013-05-29T14:39:13+00:00"
        },
        {
            "name": "symfony/http-foundation",
            "version": "v3.4.17",
            "source": {
                "type": "git",
                "url": "https://github.com/symfony/http-foundation.git",
                "reference": "3a4498236ade473c52b92d509303e5fd1b211ab1"
            },
            "dist": {
                "type": "zip",
                "url": "https://api.github.com/repos/symfony/http-foundation/zipball/3a4498236ade473c52b92d509303e5fd1b211ab1",
                "reference": "3a4498236ade473c52b92d509303e5fd1b211ab1",
                "shasum": ""
            },
            "require": {
                "php": "^5.5.9|>=7.0.8",
                "symfony/polyfill-mbstring": "~1.1",
                "symfony/polyfill-php70": "~1.6"
            },
            "require-dev": {
                "symfony/expression-language": "~2.8|~3.0|~4.0"
            },
            "type": "library",
            "extra": {
                "branch-alias": {
                    "dev-master": "3.4-dev"
                }
            },
            "autoload": {
                "psr-4": {
                    "Symfony\\Component\\HttpFoundation\\": ""
                },
                "exclude-from-classmap": [
                    "/Tests/"
                ]
            },
            "notification-url": "https://packagist.org/downloads/",
            "license": [
                "MIT"
            ],
            "authors": [
                {
                    "name": "Fabien Potencier",
                    "email": "fabien@symfony.com"
                },
                {
                    "name": "Symfony Community",
                    "homepage": "https://symfony.com/contributors"
                }
            ],
            "description": "Symfony HttpFoundation Component",
            "homepage": "https://symfony.com",
            "time": "2018-10-03T08:48:18+00:00"
        },
        {
            "name": "symfony/polyfill-mbstring",
            "version": "v1.9.0",
            "source": {
                "type": "git",
                "url": "https://github.com/symfony/polyfill-mbstring.git",
                "reference": "d0cd638f4634c16d8df4508e847f14e9e43168b8"
            },
            "dist": {
                "type": "zip",
                "url": "https://api.github.com/repos/symfony/polyfill-mbstring/zipball/d0cd638f4634c16d8df4508e847f14e9e43168b8",
                "reference": "d0cd638f4634c16d8df4508e847f14e9e43168b8",
                "shasum": ""
            },
            "require": {
                "php": ">=5.3.3"
            },
            "suggest": {
                "ext-mbstring": "For best performance"
            },
            "type": "library",
            "extra": {
                "branch-alias": {
                    "dev-master": "1.9-dev"
                }
            },
            "autoload": {
                "psr-4": {
                    "Symfony\\Polyfill\\Mbstring\\": ""
                },
                "files": [
                    "bootstrap.php"
                ]
            },
            "notification-url": "https://packagist.org/downloads/",
            "license": [
                "MIT"
            ],
            "authors": [
                {
                    "name": "Nicolas Grekas",
                    "email": "p@tchwork.com"
                },
                {
                    "name": "Symfony Community",
                    "homepage": "https://symfony.com/contributors"
                }
            ],
            "description": "Symfony polyfill for the Mbstring extension",
            "homepage": "https://symfony.com",
            "keywords": [
                "compatibility",
                "mbstring",
                "polyfill",
                "portable",
                "shim"
            ],
            "time": "2018-08-06T14:22:27+00:00"
        },
        {
            "name": "symfony/polyfill-php70",
            "version": "v1.9.0",
            "source": {
                "type": "git",
                "url": "https://github.com/symfony/polyfill-php70.git",
                "reference": "1e24b0c4a56d55aaf368763a06c6d1c7d3194934"
            },
            "dist": {
                "type": "zip",
                "url": "https://api.github.com/repos/symfony/polyfill-php70/zipball/1e24b0c4a56d55aaf368763a06c6d1c7d3194934",
                "reference": "1e24b0c4a56d55aaf368763a06c6d1c7d3194934",
                "shasum": ""
            },
            "require": {
                "paragonie/random_compat": "~1.0|~2.0|~9.99",
                "php": ">=5.3.3"
            },
            "type": "library",
            "extra": {
                "branch-alias": {
                    "dev-master": "1.9-dev"
                }
            },
            "autoload": {
                "psr-4": {
                    "Symfony\\Polyfill\\Php70\\": ""
                },
                "files": [
                    "bootstrap.php"
                ],
                "classmap": [
                    "Resources/stubs"
                ]
            },
            "notification-url": "https://packagist.org/downloads/",
            "license": [
                "MIT"
            ],
            "authors": [
                {
                    "name": "Nicolas Grekas",
                    "email": "p@tchwork.com"
                },
                {
                    "name": "Symfony Community",
                    "homepage": "https://symfony.com/contributors"
                }
            ],
            "description": "Symfony polyfill backporting some PHP 7.0+ features to lower PHP versions",
            "homepage": "https://symfony.com",
            "keywords": [
                "compatibility",
                "polyfill",
                "portable",
                "shim"
            ],
            "time": "2018-08-06T14:22:27+00:00"
        }
    ],
    "packages-dev": [],
    "aliases": [],
    "minimum-stability": "stable",
    "stability-flags": [],
    "prefer-stable": false,
    "prefer-lowest": false,
    "platform": [],
    "platform-dev": []
}
